{
  "name": "Week_5",
  "lockfileVersion": 3,
  "requires": true,
  "packages": {
    "": {
      "dependencies": {
        "flow-bin": "^0.219.4"
      }
    },
    "node_modules/flow-bin": {
      "version": "0.219.4",
      "resolved": "https://registry.npmjs.org/flow-bin/-/flow-bin-0.219.4.tgz",
      "integrity": "sha512-KNtD9UPkBRaGpojjdz8HvFNntgFWskKSulrQiBqWFGYNIa1yYP/vh3pmO0YcbgHl/LAqSgl2bXIFU+n3FSJeNg==",
      "bin": {
        "flow": "cli.js"
      },
      "engines": {
        "node": ">=0.10.0"
      }
    }
  }
}
